
Microsoft Visual Studio Solution File, Format Version 12.00
# Visual Studio Version 16
VisualStudioVersion = 16.0.30907.101
MinimumVisualStudioVersion = 10.0.40219.1
Project("{FAE04EC0-301F-11D3-BF4B-00C04F79EFBC}") = "FoodsOrderAPI", "FoodsOrderAPI.csproj", "{07647203-3513-4D9D-953B-4663B1CA7A25}"
EndProject
Global
	GlobalSection(SolutionConfigurationPlatforms) = preSolution
		Debug|Any CPU = Debug|Any CPU
		Release|Any CPU = Release|Any CPU
	EndGlobalSection
	GlobalSection(ProjectConfigurationPlatforms) = postSolution
		{07647203-3513-4D9D-953B-4663B1CA7A25}.Debug|Any CPU.ActiveCfg = Debug|Any CPU
		{07647203-3513-4D9D-953B-4663B1CA7A25}.Debug|Any CPU.Build.0 = Debug|Any CPU
		{07647203-3513-4D9D-953B-4663B1CA7A25}.Release|Any CPU.ActiveCfg = Release|Any CPU
		{07647203-3513-4D9D-953B-4663B1CA7A25}.Release|Any CPU.Build.0 = Release|Any CPU
	EndGlobalSection
	GlobalSection(SolutionProperties) = preSolution
		HideSolutionNode = FALSE
	EndGlobalSection
	GlobalSection(ExtensibilityGlobals) = postSolution
		SolutionGuid = {0E0917AF-0DC0-4797-AEC1-516FD33E701D}
	EndGlobalSection
EndGlobal
